
Microsoft Visual Studio Solution File, Format Version 12.00
# Visual Studio Version 17
VisualStudioVersion = 17.10.34928.147
MinimumVisualStudioVersion = 10.0.40219.1
Project("{FAE04EC0-301F-11D3-BF4B-00C04F79EFBC}") = "SEBO.API", "SEBO.API\SEBO.API.csproj", "{E07DA85A-EE39-4705-B9EC-17D34FF741D7}"
EndProject
Project("{2150E333-8FDC-42A3-9474-1A3956D46DE8}") = "0 - Application", "0 - Application", "{02EA681E-C7D8-13C7-8484-4AC65E1B71E8}"
EndProject
Project("{2150E333-8FDC-42A3-9474-1A3956D46DE8}") = "1 - Middleware", "1 - Middleware", "{850FB788-0A77-4D66-9524-C1DDC4881481}"
EndProject
Project("{2150E333-8FDC-42A3-9474-1A3956D46DE8}") = "2 - Services", "2 - Services", "{DEBC1DBF-5F59-453B-8E9D-06FA26E4DF8F}"
EndProject
Project("{2150E333-8FDC-42A3-9474-1A3956D46DE8}") = "3 - Infra", "3 - Infra", "{C9F276D7-574E-4F3B-9DD5-A04B2F0D56A8}"
EndProject
Project("{2150E333-8FDC-42A3-9474-1A3956D46DE8}") = "4 - Domain", "4 - Domain", "{9D8B5EDB-62D5-4B93-B065-A31C536DD986}"
EndProject
Project("{2150E333-8FDC-42A3-9474-1A3956D46DE8}") = "4.0 - Models", "4.0 - Models", "{7E13201E-DCAB-4DF5-831C-00FCB499469C}"
EndProject
Project("{2150E333-8FDC-42A3-9474-1A3956D46DE8}") = "4.1 - Interface", "4.1 - Interface", "{8B2F04D1-E62B-4342-83AE-33992C9EBEE6}"
EndProject
Project("{2150E333-8FDC-42A3-9474-1A3956D46DE8}") = "4.2 - Utility", "4.2 - Utility", "{90FE4A56-7033-495E-966A-7C55CFA0EB48}"
EndProject
Project("{2150E333-8FDC-42A3-9474-1A3956D46DE8}") = "5 - Tests", "5 - Tests", "{E8B2A54A-3C01-4EB7-AB5B-D14B89230F59}"
EndProject
Project("{FAE04EC0-301F-11D3-BF4B-00C04F79EFBC}") = "SEBO.Domain.Dto", "SEBO.Domain.Dto\SEBO.Domain.Dto.csproj", "{1A16DED8-979C-4839-B43B-DF71492F2944}"
EndProject
Project("{FAE04EC0-301F-11D3-BF4B-00C04F79EFBC}") = "SEBO.Domain.Entities", "SEBO.Domain.Entities\SEBO.Domain.Entities.csproj", "{022560AE-593D-4E96-ACA8-8087882E332E}"
EndProject
Project("{FAE04EC0-301F-11D3-BF4B-00C04F79EFBC}") = "SEBO.Domain.Interface.Repository", "SEBO.Domain.Interface.Repository\SEBO.Domain.Interface.Repository.csproj", "{D765F2CA-6F7C-494A-AEC3-C4417C0B6EB2}"
EndProject
Project("{FAE04EC0-301F-11D3-BF4B-00C04F79EFBC}") = "SEBO.Domain.Interface.Services", "SEBO.Domain.Interface.Services\SEBO.Domain.Interface.Services.csproj", "{715EC804-E130-4CAE-AB9E-78D12802723C}"
EndProject
Project("{FAE04EC0-301F-11D3-BF4B-00C04F79EFBC}") = "SEBO.Domain.Utility", "SEBO.Domain.Utility\SEBO.Domain.Utility.csproj", "{4EC27FF8-0DEB-4AD1-B310-99928496A874}"
EndProject
Project("{FAE04EC0-301F-11D3-BF4B-00C04F79EFBC}") = "SEBO.Data.Context", "SEBO.Data.Context\SEBO.Data.Context.csproj", "{DD513AD5-EAFE-47A2-845F-F09AB75BDE2B}"
EndProject
Project("{FAE04EC0-301F-11D3-BF4B-00C04F79EFBC}") = "SEBO.Data.Repository", "SEBO.Data.Repository\SEBO.Data.Repository.csproj", "{67FB353F-7051-42B1-B9E9-7A6BFA5A2520}"
EndProject
Project("{FAE04EC0-301F-11D3-BF4B-00C04F79EFBC}") = "SEBO.Services", "SEBO.Services\SEBO.Services.csproj", "{A9D188B4-63D7-4CFB-9DEE-2A441EFE766C}"
EndProject
Project("{FAE04EC0-301F-11D3-BF4B-00C04F79EFBC}") = "SEBO.Ioc", "SEBO.Ioc\SEBO.Ioc.csproj", "{D8579090-0BB2-4BC8-B1B5-12110673B1B3}"
EndProject
Project("{FAE04EC0-301F-11D3-BF4B-00C04F79EFBC}") = "SEBO.Middleware", "SEBO.Middleware\SEBO.Middleware.csproj", "{F023A4DC-070F-4D65-A33B-57D7C923C3E5}"
EndProject
Project("{FAE04EC0-301F-11D3-BF4B-00C04F79EFBC}") = "SEBO.Tests", "SEBO.Tests\SEBO.Tests.csproj", "{DD5D706B-62F1-4EF1-A796-0A50FBD0BA88}"
EndProject
Global
	GlobalSection(SolutionConfigurationPlatforms) = preSolution
		Debug|Any CPU = Debug|Any CPU
		Release|Any CPU = Release|Any CPU
	EndGlobalSection
	GlobalSection(ProjectConfigurationPlatforms) = postSolution
		{E07DA85A-EE39-4705-B9EC-17D34FF741D7}.Debug|Any CPU.ActiveCfg = Debug|Any CPU
		{E07DA85A-EE39-4705-B9EC-17D34FF741D7}.Debug|Any CPU.Build.0 = Debug|Any CPU
		{E07DA85A-EE39-4705-B9EC-17D34FF741D7}.Release|Any CPU.ActiveCfg = Release|Any CPU
		{E07DA85A-EE39-4705-B9EC-17D34FF741D7}.Release|Any CPU.Build.0 = Release|Any CPU
		{1A16DED8-979C-4839-B43B-DF71492F2944}.Debug|Any CPU.ActiveCfg = Debug|Any CPU
		{1A16DED8-979C-4839-B43B-DF71492F2944}.Debug|Any CPU.Build.0 = Debug|Any CPU
		{1A16DED8-979C-4839-B43B-DF71492F2944}.Release|Any CPU.ActiveCfg = Release|Any CPU
		{1A16DED8-979C-4839-B43B-DF71492F2944}.Release|Any CPU.Build.0 = Release|Any CPU
		{022560AE-593D-4E96-ACA8-8087882E332E}.Debug|Any CPU.ActiveCfg = Debug|Any CPU
		{022560AE-593D-4E96-ACA8-8087882E332E}.Debug|Any CPU.Build.0 = Debug|Any CPU
		{022560AE-593D-4E96-ACA8-8087882E332E}.Release|Any CPU.ActiveCfg = Release|Any CPU
		{022560AE-593D-4E96-ACA8-8087882E332E}.Release|Any CPU.Build.0 = Release|Any CPU
		{D765F2CA-6F7C-494A-AEC3-C4417C0B6EB2}.Debug|Any CPU.ActiveCfg = Debug|Any CPU
		{D765F2CA-6F7C-494A-AEC3-C4417C0B6EB2}.Debug|Any CPU.Build.0 = Debug|Any CPU
		{D765F2CA-6F7C-494A-AEC3-C4417C0B6EB2}.Release|Any CPU.ActiveCfg = Release|Any CPU
		{D765F2CA-6F7C-494A-AEC3-C4417C0B6EB2}.Release|Any CPU.Build.0 = Release|Any CPU
		{715EC804-E130-4CAE-AB9E-78D12802723C}.Debug|Any CPU.ActiveCfg = Debug|Any CPU
		{715EC804-E130-4CAE-AB9E-78D12802723C}.Debug|Any CPU.Build.0 = Debug|Any CPU
		{715EC804-E130-4CAE-AB9E-78D12802723C}.Release|Any CPU.ActiveCfg = Release|Any CPU
		{715EC804-E130-4CAE-AB9E-78D12802723C}.Release|Any CPU.Build.0 = Release|Any CPU
		{4EC27FF8-0DEB-4AD1-B310-99928496A874}.Debug|Any CPU.ActiveCfg = Debug|Any CPU
		{4EC27FF8-0DEB-4AD1-B310-99928496A874}.Debug|Any CPU.Build.0 = Debug|Any CPU
		{4EC27FF8-0DEB-4AD1-B310-99928496A874}.Release|Any CPU.ActiveCfg = Release|Any CPU
		{4EC27FF8-0DEB-4AD1-B310-99928496A874}.Release|Any CPU.Build.0 = Release|Any CPU
		{DD513AD5-EAFE-47A2-845F-F09AB75BDE2B}.Debug|Any CPU.ActiveCfg = Debug|Any CPU
		{DD513AD5-EAFE-47A2-845F-F09AB75BDE2B}.Debug|Any CPU.Build.0 = Debug|Any CPU
		{DD513AD5-EAFE-47A2-845F-F09AB75BDE2B}.Release|Any CPU.ActiveCfg = Release|Any CPU
		{DD513AD5-EAFE-47A2-845F-F09AB75BDE2B}.Release|Any CPU.Build.0 = Release|Any CPU
		{67FB353F-7051-42B1-B9E9-7A6BFA5A2520}.Debug|Any CPU.ActiveCfg = Debug|Any CPU
		{67FB353F-7051-42B1-B9E9-7A6BFA5A2520}.Debug|Any CPU.Build.0 = Debug|Any CPU
		{67FB353F-7051-42B1-B9E9-7A6BFA5A2520}.Release|Any CPU.ActiveCfg = Release|Any CPU
		{67FB353F-7051-42B1-B9E9-7A6BFA5A2520}.Release|Any CPU.Build.0 = Release|Any CPU
		{A9D188B4-63D7-4CFB-9DEE-2A441EFE766C}.Debug|Any CPU.ActiveCfg = Debug|Any CPU
		{A9D188B4-63D7-4CFB-9DEE-2A441EFE766C}.Debug|Any CPU.Build.0 = Debug|Any CPU
		{A9D188B4-63D7-4CFB-9DEE-2A441EFE766C}.Release|Any CPU.ActiveCfg = Release|Any CPU
		{A9D188B4-63D7-4CFB-9DEE-2A441EFE766C}.Release|Any CPU.Build.0 = Release|Any CPU
		{D8579090-0BB2-4BC8-B1B5-12110673B1B3}.Debug|Any CPU.ActiveCfg = Debug|Any CPU
		{D8579090-0BB2-4BC8-B1B5-12110673B1B3}.Debug|Any CPU.Build.0 = Debug|Any CPU
		{D8579090-0BB2-4BC8-B1B5-12110673B1B3}.Release|Any CPU.ActiveCfg = Release|Any CPU
		{D8579090-0BB2-4BC8-B1B5-12110673B1B3}.Release|Any CPU.Build.0 = Release|Any CPU
		{F023A4DC-070F-4D65-A33B-57D7C923C3E5}.Debug|Any CPU.ActiveCfg = Debug|Any CPU
		{F023A4DC-070F-4D65-A33B-57D7C923C3E5}.Debug|Any CPU.Build.0 = Debug|Any CPU
		{F023A4DC-070F-4D65-A33B-57D7C923C3E5}.Release|Any CPU.ActiveCfg = Release|Any CPU
		{F023A4DC-070F-4D65-A33B-57D7C923C3E5}.Release|Any CPU.Build.0 = Release|Any CPU
		{DD5D706B-62F1-4EF1-A796-0A50FBD0BA88}.Debug|Any CPU.ActiveCfg = Debug|Any CPU
		{DD5D706B-62F1-4EF1-A796-0A50FBD0BA88}.Debug|Any CPU.Build.0 = Debug|Any CPU
		{DD5D706B-62F1-4EF1-A796-0A50FBD0BA88}.Release|Any CPU.ActiveCfg = Release|Any CPU
		{DD5D706B-62F1-4EF1-A796-0A50FBD0BA88}.Release|Any CPU.Build.0 = Release|Any CPU
	EndGlobalSection
	GlobalSection(SolutionProperties) = preSolution
		HideSolutionNode = FALSE
	EndGlobalSection
	GlobalSection(NestedProjects) = preSolution
		{E07DA85A-EE39-4705-B9EC-17D34FF741D7} = {02EA681E-C7D8-13C7-8484-4AC65E1B71E8}
		{7E13201E-DCAB-4DF5-831C-00FCB499469C} = {9D8B5EDB-62D5-4B93-B065-A31C536DD986}
		{8B2F04D1-E62B-4342-83AE-33992C9EBEE6} = {9D8B5EDB-62D5-4B93-B065-A31C536DD986}
		{90FE4A56-7033-495E-966A-7C55CFA0EB48} = {9D8B5EDB-62D5-4B93-B065-A31C536DD986}
		{1A16DED8-979C-4839-B43B-DF71492F2944} = {7E13201E-DCAB-4DF5-831C-00FCB499469C}
		{022560AE-593D-4E96-ACA8-8087882E332E} = {7E13201E-DCAB-4DF5-831C-00FCB499469C}
		{D765F2CA-6F7C-494A-AEC3-C4417C0B6EB2} = {8B2F04D1-E62B-4342-83AE-33992C9EBEE6}
		{715EC804-E130-4CAE-AB9E-78D12802723C} = {8B2F04D1-E62B-4342-83AE-33992C9EBEE6}
		{4EC27FF8-0DEB-4AD1-B310-99928496A874} = {90FE4A56-7033-495E-966A-7C55CFA0EB48}
		{DD513AD5-EAFE-47A2-845F-F09AB75BDE2B} = {C9F276D7-574E-4F3B-9DD5-A04B2F0D56A8}
		{67FB353F-7051-42B1-B9E9-7A6BFA5A2520} = {C9F276D7-574E-4F3B-9DD5-A04B2F0D56A8}
		{A9D188B4-63D7-4CFB-9DEE-2A441EFE766C} = {DEBC1DBF-5F59-453B-8E9D-06FA26E4DF8F}
		{D8579090-0BB2-4BC8-B1B5-12110673B1B3} = {850FB788-0A77-4D66-9524-C1DDC4881481}
		{F023A4DC-070F-4D65-A33B-57D7C923C3E5} = {850FB788-0A77-4D66-9524-C1DDC4881481}
		{DD5D706B-62F1-4EF1-A796-0A50FBD0BA88} = {E8B2A54A-3C01-4EB7-AB5B-D14B89230F59}
	EndGlobalSection
	GlobalSection(ExtensibilityGlobals) = postSolution
		SolutionGuid = {0FA974A7-79BE-4DAE-9832-4A25B5FEB99D}
	EndGlobalSection
EndGlobal
